
Microsoft Visual Studio Solution File, Format Version 12.00
# Visual Studio Version 17
VisualStudioVersion = 17.0.31903.59
MinimumVisualStudioVersion = 10.0.40219.1
Project("{2150E333-8FDC-42A3-9474-1A3956D46DE8}") = "src", "src", "{827E0CD3-B72D-47B6-A68D-7590B98EB39B}"
EndProject
Project("{FAE04EC0-301F-11D3-BF4B-00C04F79EFBC}") = "TrackAndTrace.Core", "src\TrackAndTrace.Core\TrackAndTrace.Core.csproj", "{FDFF9A45-2ED7-49C3-9BE2-5FCD92CD02D8}"
EndProject
Project("{FAE04EC0-301F-11D3-BF4B-00C04F79EFBC}") = "TrackAndTrace.Data", "src\TrackAndTrace.Data\TrackAndTrace.Data.csproj", "{BAB606A7-3873-465D-A5EE-A6DA860BDC53}"
EndProject
Project("{FAE04EC0-301F-11D3-BF4B-00C04F79EFBC}") = "TrackAndTrace.Plugins.Scanner", "src\TrackAndTrace.Plugins.Scanner\TrackAndTrace.Plugins.Scanner.csproj", "{7F796C52-1E7E-4138-81E4-120E87593ECB}"
EndProject
Project("{FAE04EC0-301F-11D3-BF4B-00C04F79EFBC}") = "TrackAndTrace.Plugins.Inspection", "src\TrackAndTrace.Plugins.Inspection\TrackAndTrace.Plugins.Inspection.csproj", "{01082AA6-6D24-468C-9308-3B409FB6ABEB}"
EndProject
Project("{FAE04EC0-301F-11D3-BF4B-00C04F79EFBC}") = "TrackAndTrace.Host", "src\TrackAndTrace.Host\TrackAndTrace.Host.csproj", "{7F6FED1F-EAA4-454F-8C93-FB993C9FE625}"
EndProject
Project("{FAE04EC0-301F-11D3-BF4B-00C04F79EFBC}") = "Simulator.Scanner", "src\Simulator.Scanner\Simulator.Scanner.csproj", "{B8F2A1CE-3D9E-4F7B-A5C0-2E6D8B1A3F9C}"
EndProject
Project("{FAE04EC0-301F-11D3-BF4B-00C04F79EFBC}") = "Simulator.VisionOrCamera", "src\Simulator.VisionOrCamera\Simulator.VisionOrCamera.csproj", "{A56100C9-EB67-44B8-A8A2-F2D779BE4703}"
EndProject
Global
	GlobalSection(SolutionConfigurationPlatforms) = preSolution
		Debug|Any CPU = Debug|Any CPU
		Debug|x64 = Debug|x64
		Debug|x86 = Debug|x86
		Release|Any CPU = Release|Any CPU
		Release|x64 = Release|x64
		Release|x86 = Release|x86
	EndGlobalSection
	GlobalSection(ProjectConfigurationPlatforms) = postSolution
		{FDFF9A45-2ED7-49C3-9BE2-5FCD92CD02D8}.Debug|Any CPU.ActiveCfg = Debug|Any CPU
		{FDFF9A45-2ED7-49C3-9BE2-5FCD92CD02D8}.Debug|Any CPU.Build.0 = Debug|Any CPU
		{FDFF9A45-2ED7-49C3-9BE2-5FCD92CD02D8}.Debug|x64.ActiveCfg = Debug|Any CPU
		{FDFF9A45-2ED7-49C3-9BE2-5FCD92CD02D8}.Debug|x64.Build.0 = Debug|Any CPU
		{FDFF9A45-2ED7-49C3-9BE2-5FCD92CD02D8}.Debug|x86.ActiveCfg = Debug|Any CPU
		{FDFF9A45-2ED7-49C3-9BE2-5FCD92CD02D8}.Debug|x86.Build.0 = Debug|Any CPU
		{FDFF9A45-2ED7-49C3-9BE2-5FCD92CD02D8}.Release|Any CPU.ActiveCfg = Release|Any CPU
		{FDFF9A45-2ED7-49C3-9BE2-5FCD92CD02D8}.Release|Any CPU.Build.0 = Release|Any CPU
		{FDFF9A45-2ED7-49C3-9BE2-5FCD92CD02D8}.Release|x64.ActiveCfg = Release|Any CPU
		{FDFF9A45-2ED7-49C3-9BE2-5FCD92CD02D8}.Release|x64.Build.0 = Release|Any CPU
		{FDFF9A45-2ED7-49C3-9BE2-5FCD92CD02D8}.Release|x86.ActiveCfg = Release|Any CPU
		{FDFF9A45-2ED7-49C3-9BE2-5FCD92CD02D8}.Release|x86.Build.0 = Release|Any CPU
		{BAB606A7-3873-465D-A5EE-A6DA860BDC53}.Debug|Any CPU.ActiveCfg = Debug|Any CPU
		{BAB606A7-3873-465D-A5EE-A6DA860BDC53}.Debug|Any CPU.Build.0 = Debug|Any CPU
		{BAB606A7-3873-465D-A5EE-A6DA860BDC53}.Debug|x64.ActiveCfg = Debug|Any CPU
		{BAB606A7-3873-465D-A5EE-A6DA860BDC53}.Debug|x64.Build.0 = Debug|Any CPU
		{BAB606A7-3873-465D-A5EE-A6DA860BDC53}.Debug|x86.ActiveCfg = Debug|Any CPU
		{BAB606A7-3873-465D-A5EE-A6DA860BDC53}.Debug|x86.Build.0 = Debug|Any CPU
		{BAB606A7-3873-465D-A5EE-A6DA860BDC53}.Release|Any CPU.ActiveCfg = Release|Any CPU
		{BAB606A7-3873-465D-A5EE-A6DA860BDC53}.Release|Any CPU.Build.0 = Release|Any CPU
		{BAB606A7-3873-465D-A5EE-A6DA860BDC53}.Release|x64.ActiveCfg = Release|Any CPU
		{BAB606A7-3873-465D-A5EE-A6DA860BDC53}.Release|x64.Build.0 = Release|Any CPU
		{BAB606A7-3873-465D-A5EE-A6DA860BDC53}.Release|x86.ActiveCfg = Release|Any CPU
		{BAB606A7-3873-465D-A5EE-A6DA860BDC53}.Release|x86.Build.0 = Release|Any CPU
		{7F796C52-1E7E-4138-81E4-120E87593ECB}.Debug|Any CPU.ActiveCfg = Debug|Any CPU
		{7F796C52-1E7E-4138-81E4-120E87593ECB}.Debug|Any CPU.Build.0 = Debug|Any CPU
		{7F796C52-1E7E-4138-81E4-120E87593ECB}.Debug|x64.ActiveCfg = Debug|Any CPU
		{7F796C52-1E7E-4138-81E4-120E87593ECB}.Debug|x64.Build.0 = Debug|Any CPU
		{7F796C52-1E7E-4138-81E4-120E87593ECB}.Debug|x86.ActiveCfg = Debug|Any CPU
		{7F796C52-1E7E-4138-81E4-120E87593ECB}.Debug|x86.Build.0 = Debug|Any CPU
		{7F796C52-1E7E-4138-81E4-120E87593ECB}.Release|Any CPU.ActiveCfg = Release|Any CPU
		{7F796C52-1E7E-4138-81E4-120E87593ECB}.Release|Any CPU.Build.0 = Release|Any CPU
		{7F796C52-1E7E-4138-81E4-120E87593ECB}.Release|x64.ActiveCfg = Release|Any CPU
		{7F796C52-1E7E-4138-81E4-120E87593ECB}.Release|x64.Build.0 = Release|Any CPU
		{7F796C52-1E7E-4138-81E4-120E87593ECB}.Release|x86.ActiveCfg = Release|Any CPU
		{7F796C52-1E7E-4138-81E4-120E87593ECB}.Release|x86.Build.0 = Release|Any CPU
		{01082AA6-6D24-468C-9308-3B409FB6ABEB}.Debug|Any CPU.ActiveCfg = Debug|Any CPU
		{01082AA6-6D24-468C-9308-3B409FB6ABEB}.Debug|Any CPU.Build.0 = Debug|Any CPU
		{01082AA6-6D24-468C-9308-3B409FB6ABEB}.Debug|x64.ActiveCfg = Debug|Any CPU
		{01082AA6-6D24-468C-9308-3B409FB6ABEB}.Debug|x64.Build.0 = Debug|Any CPU
		{01082AA6-6D24-468C-9308-3B409FB6ABEB}.Debug|x86.ActiveCfg = Debug|Any CPU
		{01082AA6-6D24-468C-9308-3B409FB6ABEB}.Debug|x86.Build.0 = Debug|Any CPU
		{01082AA6-6D24-468C-9308-3B409FB6ABEB}.Release|Any CPU.ActiveCfg = Release|Any CPU
		{01082AA6-6D24-468C-9308-3B409FB6ABEB}.Release|Any CPU.Build.0 = Release|Any CPU
		{01082AA6-6D24-468C-9308-3B409FB6ABEB}.Release|x64.ActiveCfg = Release|Any CPU
		{01082AA6-6D24-468C-9308-3B409FB6ABEB}.Release|x64.Build.0 = Release|Any CPU
		{01082AA6-6D24-468C-9308-3B409FB6ABEB}.Release|x86.ActiveCfg = Release|Any CPU
		{01082AA6-6D24-468C-9308-3B409FB6ABEB}.Release|x86.Build.0 = Release|Any CPU
		{7F6FED1F-EAA4-454F-8C93-FB993C9FE625}.Debug|Any CPU.ActiveCfg = Debug|Any CPU
		{7F6FED1F-EAA4-454F-8C93-FB993C9FE625}.Debug|Any CPU.Build.0 = Debug|Any CPU
		{7F6FED1F-EAA4-454F-8C93-FB993C9FE625}.Debug|x64.ActiveCfg = Debug|Any CPU
		{7F6FED1F-EAA4-454F-8C93-FB993C9FE625}.Debug|x64.Build.0 = Debug|Any CPU
		{7F6FED1F-EAA4-454F-8C93-FB993C9FE625}.Debug|x86.ActiveCfg = Debug|Any CPU
		{7F6FED1F-EAA4-454F-8C93-FB993C9FE625}.Debug|x86.Build.0 = Debug|Any CPU
		{7F6FED1F-EAA4-454F-8C93-FB993C9FE625}.Release|Any CPU.ActiveCfg = Release|Any CPU
		{7F6FED1F-EAA4-454F-8C93-FB993C9FE625}.Release|Any CPU.Build.0 = Release|Any CPU
		{7F6FED1F-EAA4-454F-8C93-FB993C9FE625}.Release|x64.ActiveCfg = Release|Any CPU
		{7F6FED1F-EAA4-454F-8C93-FB993C9FE625}.Release|x64.Build.0 = Release|Any CPU
		{7F6FED1F-EAA4-454F-8C93-FB993C9FE625}.Release|x86.ActiveCfg = Release|Any CPU
		{7F6FED1F-EAA4-454F-8C93-FB993C9FE625}.Release|x86.Build.0 = Release|Any CPU
		{B8F2A1CE-3D9E-4F7B-A5C0-2E6D8B1A3F9C}.Debug|Any CPU.ActiveCfg = Debug|Any CPU
		{B8F2A1CE-3D9E-4F7B-A5C0-2E6D8B1A3F9C}.Debug|Any CPU.Build.0 = Debug|Any CPU
		{B8F2A1CE-3D9E-4F7B-A5C0-2E6D8B1A3F9C}.Debug|x64.ActiveCfg = Debug|Any CPU
		{B8F2A1CE-3D9E-4F7B-A5C0-2E6D8B1A3F9C}.Debug|x64.Build.0 = Debug|Any CPU
		{B8F2A1CE-3D9E-4F7B-A5C0-2E6D8B1A3F9C}.Debug|x86.ActiveCfg = Debug|Any CPU
		{B8F2A1CE-3D9E-4F7B-A5C0-2E6D8B1A3F9C}.Debug|x86.Build.0 = Debug|Any CPU
		{B8F2A1CE-3D9E-4F7B-A5C0-2E6D8B1A3F9C}.Release|Any CPU.ActiveCfg = Release|Any CPU
		{B8F2A1CE-3D9E-4F7B-A5C0-2E6D8B1A3F9C}.Release|Any CPU.Build.0 = Release|Any CPU
		{B8F2A1CE-3D9E-4F7B-A5C0-2E6D8B1A3F9C}.Release|x64.ActiveCfg = Release|Any CPU
		{B8F2A1CE-3D9E-4F7B-A5C0-2E6D8B1A3F9C}.Release|x64.Build.0 = Release|Any CPU
		{B8F2A1CE-3D9E-4F7B-A5C0-2E6D8B1A3F9C}.Release|x86.ActiveCfg = Release|Any CPU
		{B8F2A1CE-3D9E-4F7B-A5C0-2E6D8B1A3F9C}.Release|x86.Build.0 = Release|Any CPU
		{A56100C9-EB67-44B8-A8A2-F2D779BE4703}.Debug|Any CPU.ActiveCfg = Debug|Any CPU
		{A56100C9-EB67-44B8-A8A2-F2D779BE4703}.Debug|Any CPU.Build.0 = Debug|Any CPU
		{A56100C9-EB67-44B8-A8A2-F2D779BE4703}.Debug|x64.ActiveCfg = Debug|Any CPU
		{A56100C9-EB67-44B8-A8A2-F2D779BE4703}.Debug|x64.Build.0 = Debug|Any CPU
		{A56100C9-EB67-44B8-A8A2-F2D779BE4703}.Debug|x86.ActiveCfg = Debug|Any CPU
		{A56100C9-EB67-44B8-A8A2-F2D779BE4703}.Debug|x86.Build.0 = Debug|Any CPU
		{A56100C9-EB67-44B8-A8A2-F2D779BE4703}.Release|Any CPU.ActiveCfg = Release|Any CPU
		{A56100C9-EB67-44B8-A8A2-F2D779BE4703}.Release|Any CPU.Build.0 = Release|Any CPU
		{A56100C9-EB67-44B8-A8A2-F2D779BE4703}.Release|x64.ActiveCfg = Release|Any CPU
		{A56100C9-EB67-44B8-A8A2-F2D779BE4703}.Release|x64.Build.0 = Release|Any CPU
		{A56100C9-EB67-44B8-A8A2-F2D779BE4703}.Release|x86.ActiveCfg = Release|Any CPU
		{A56100C9-EB67-44B8-A8A2-F2D779BE4703}.Release|x86.Build.0 = Release|Any CPU
	EndGlobalSection
	GlobalSection(SolutionProperties) = preSolution
		HideSolutionNode = FALSE
	EndGlobalSection
	GlobalSection(NestedProjects) = preSolution
		{FDFF9A45-2ED7-49C3-9BE2-5FCD92CD02D8} = {827E0CD3-B72D-47B6-A68D-7590B98EB39B}
		{BAB606A7-3873-465D-A5EE-A6DA860BDC53} = {827E0CD3-B72D-47B6-A68D-7590B98EB39B}
		{7F796C52-1E7E-4138-81E4-120E87593ECB} = {827E0CD3-B72D-47B6-A68D-7590B98EB39B}
		{01082AA6-6D24-468C-9308-3B409FB6ABEB} = {827E0CD3-B72D-47B6-A68D-7590B98EB39B}
		{7F6FED1F-EAA4-454F-8C93-FB993C9FE625} = {827E0CD3-B72D-47B6-A68D-7590B98EB39B}
		{B8F2A1CE-3D9E-4F7B-A5C0-2E6D8B1A3F9C} = {827E0CD3-B72D-47B6-A68D-7590B98EB39B}
		{A56100C9-EB67-44B8-A8A2-F2D779BE4703} = {827E0CD3-B72D-47B6-A68D-7590B98EB39B}
	EndGlobalSection
EndGlobal
